
Microsoft Visual Studio Solution File, Format Version 12.00
# Visual Studio 14
VisualStudioVersion = 14.0.25420.1
MinimumVisualStudioVersion = 10.0.40219.1
Project("{FAE04EC0-301F-11D3-BF4B-00C04F79EFBC}") = "DiscToolsNET20", "DiscTools\DiscToolsNET20.csproj", "{3822D52F-0D07-4DE2-9C51-53C62F2C3B67}"
EndProject
Project("{FAE04EC0-301F-11D3-BF4B-00C04F79EFBC}") = "DiscToolsNET452", "DiscTools\DiscToolsNET452.csproj", "{3812D52D-0D17-4DE1-9C61-53B62F2C3B67}"
EndProject
Project("{FAE04EC0-301F-11D3-BF4B-00C04F79EFBC}") = "TestAppNET20", "TestAppNET20\TestAppNET20.csproj", "{71FEE114-70B4-4D7B-9F9B-68AA52F1BC06}"
EndProject
Project("{FAE04EC0-301F-11D3-BF4B-00C04F79EFBC}") = "TestAppNET452", "TestAppNET452\TestAppNET452.csproj", "{C17B6927-A5C4-4AB5-A9AD-BCFA8F10C392}"
EndProject
Project("{2150E333-8FDC-42A3-9474-1A3956D46DE8}") = "Solution Items", "Solution Items", "{D5692E92-2961-4352-AC1A-BB9B522F7B39}"
	ProjectSection(SolutionItems) = preProject
		README.md = README.md
	EndProjectSection
EndProject
Project("{FAE04EC0-301F-11D3-BF4B-00C04F79EFBC}") = "DiscToolsNET35", "DiscTools\DiscToolsNET35.csproj", "{3812D52D-0A1A-4DE1-9C61-53C62FCCCB67}"
EndProject
Global
	GlobalSection(SolutionConfigurationPlatforms) = preSolution
		Debug|Any CPU = Debug|Any CPU
		Release|Any CPU = Release|Any CPU
	EndGlobalSection
	GlobalSection(ProjectConfigurationPlatforms) = postSolution
		{3822D52F-0D07-4DE2-9C51-53C62F2C3B67}.Debug|Any CPU.ActiveCfg = Debug|Any CPU
		{3822D52F-0D07-4DE2-9C51-53C62F2C3B67}.Debug|Any CPU.Build.0 = Debug|Any CPU
		{3822D52F-0D07-4DE2-9C51-53C62F2C3B67}.Release|Any CPU.ActiveCfg = Release|Any CPU
		{3822D52F-0D07-4DE2-9C51-53C62F2C3B67}.Release|Any CPU.Build.0 = Release|Any CPU
		{3812D52D-0D17-4DE1-9C61-53B62F2C3B67}.Debug|Any CPU.ActiveCfg = Debug|Any CPU
		{3812D52D-0D17-4DE1-9C61-53B62F2C3B67}.Debug|Any CPU.Build.0 = Debug|Any CPU
		{3812D52D-0D17-4DE1-9C61-53B62F2C3B67}.Release|Any CPU.ActiveCfg = Release|Any CPU
		{3812D52D-0D17-4DE1-9C61-53B62F2C3B67}.Release|Any CPU.Build.0 = Release|Any CPU
		{71FEE114-70B4-4D7B-9F9B-68AA52F1BC06}.Debug|Any CPU.ActiveCfg = Debug|Any CPU
		{71FEE114-70B4-4D7B-9F9B-68AA52F1BC06}.Debug|Any CPU.Build.0 = Debug|Any CPU
		{71FEE114-70B4-4D7B-9F9B-68AA52F1BC06}.Release|Any CPU.ActiveCfg = Release|Any CPU
		{71FEE114-70B4-4D7B-9F9B-68AA52F1BC06}.Release|Any CPU.Build.0 = Release|Any CPU
		{C17B6927-A5C4-4AB5-A9AD-BCFA8F10C392}.Debug|Any CPU.ActiveCfg = Debug|Any CPU
		{C17B6927-A5C4-4AB5-A9AD-BCFA8F10C392}.Debug|Any CPU.Build.0 = Debug|Any CPU
		{C17B6927-A5C4-4AB5-A9AD-BCFA8F10C392}.Release|Any CPU.ActiveCfg = Release|Any CPU
		{C17B6927-A5C4-4AB5-A9AD-BCFA8F10C392}.Release|Any CPU.Build.0 = Release|Any CPU
		{3812D52D-0A1A-4DE1-9C61-53C62FCCCB67}.Debug|Any CPU.ActiveCfg = Debug|Any CPU
		{3812D52D-0A1A-4DE1-9C61-53C62FCCCB67}.Debug|Any CPU.Build.0 = Debug|Any CPU
		{3812D52D-0A1A-4DE1-9C61-53C62FCCCB67}.Release|Any CPU.ActiveCfg = Release|Any CPU
		{3812D52D-0A1A-4DE1-9C61-53C62FCCCB67}.Release|Any CPU.Build.0 = Release|Any CPU
	EndGlobalSection
	GlobalSection(SolutionProperties) = preSolution
		HideSolutionNode = FALSE
	EndGlobalSection
EndGlobal
